
Microsoft Visual Studio Solution File, Format Version 12.00
Project("{FAE04EC0-301F-11D3-BF4B-00C04F79EFBC}") = "UnitTestingWithDateTime.Api", "UnitTestingWithDateTime.Api\UnitTestingWithDateTime.Api.csproj", "{8B1BE361-03E2-455D-BA1A-AC4CD01CC122}"
EndProject
Project("{FAE04EC0-301F-11D3-BF4B-00C04F79EFBC}") = "UnitTestingWithDateTime.Tests.Unit", "UnitTestingWithDateTime.Tests.Unit\UnitTestingWithDateTime.Tests.Unit.csproj", "{9E34E9B0-1BB9-4077-A45C-3064A94DE0D1}"
EndProject
Global
	GlobalSection(SolutionConfigurationPlatforms) = preSolution
		Debug|Any CPU = Debug|Any CPU
		Release|Any CPU = Release|Any CPU
	EndGlobalSection
	GlobalSection(ProjectConfigurationPlatforms) = postSolution
		{8B1BE361-03E2-455D-BA1A-AC4CD01CC122}.Debug|Any CPU.ActiveCfg = Debug|Any CPU
		{8B1BE361-03E2-455D-BA1A-AC4CD01CC122}.Debug|Any CPU.Build.0 = Debug|Any CPU
		{8B1BE361-03E2-455D-BA1A-AC4CD01CC122}.Release|Any CPU.ActiveCfg = Release|Any CPU
		{8B1BE361-03E2-455D-BA1A-AC4CD01CC122}.Release|Any CPU.Build.0 = Release|Any CPU
		{9E34E9B0-1BB9-4077-A45C-3064A94DE0D1}.Debug|Any CPU.ActiveCfg = Debug|Any CPU
		{9E34E9B0-1BB9-4077-A45C-3064A94DE0D1}.Debug|Any CPU.Build.0 = Debug|Any CPU
		{9E34E9B0-1BB9-4077-A45C-3064A94DE0D1}.Release|Any CPU.ActiveCfg = Release|Any CPU
		{9E34E9B0-1BB9-4077-A45C-3064A94DE0D1}.Release|Any CPU.Build.0 = Release|Any CPU
	EndGlobalSection
EndGlobal
